
Microsoft Visual Studio Solution File, Format Version 12.00
Project("{FAE04EC0-301F-11D3-BF4B-00C04F79EFBC}") = "Homework1", "Homework1\Homework1.csproj", "{988FFF7C-EF12-4D32-AD09-D58A828F82D3}"
EndProject
Project("{FAE04EC0-301F-11D3-BF4B-00C04F79EFBC}") = "Homework2", "Homework2\Homework2.csproj", "{628F3C56-E717-4BF5-937C-F900FF06A9E1}"
EndProject
Project("{FAE04EC0-301F-11D3-BF4B-00C04F79EFBC}") = "Homework3", "Homework3\Homework3.csproj", "{DCE26A5C-3E9D-472B-8B6A-CAF189540A86}"
EndProject
Project("{FAE04EC0-301F-11D3-BF4B-00C04F79EFBC}") = "Homework4", "Homework4\Homework4.csproj", "{B8241DC7-B295-4C36-B96C-19588CE20C6F}"
EndProject
Project("{FAE04EC0-301F-11D3-BF4B-00C04F79EFBC}") = "Homework5", "Homework5\Homework5.csproj", "{5F5E365D-F058-43C3-9307-0D14E7548E2C}"
EndProject
Project("{FAE04EC0-301F-11D3-BF4B-00C04F79EFBC}") = "Homework6", "Homework6\Homework6.csproj", "{56CA024D-EDAC-40BB-875E-68B6ACC93CDB}"
EndProject
Project("{FAE04EC0-301F-11D3-BF4B-00C04F79EFBC}") = "Homework7", "Homework7\Homework7.csproj", "{0704B63D-8C24-48E4-BFC0-F40D362ECA1C}"
EndProject
Project("{FAE04EC0-301F-11D3-BF4B-00C04F79EFBC}") = "Homework8", "Homework8\Homework8.csproj", "{EBBA7EEE-30F5-4F17-B095-91CAF3DEC73D}"
EndProject
Project("{FAE04EC0-301F-11D3-BF4B-00C04F79EFBC}") = "Homework9", "Homework9\Homework9.csproj", "{C605CCF9-DED8-452B-B062-24F3BDF5D6DF}"
EndProject
Project("{FAE04EC0-301F-11D3-BF4B-00C04F79EFBC}") = "Homework10", "Homework10\Homework10.csproj", "{D95C652E-FF3B-44DA-97E0-52AB8D0FC8BB}"
EndProject
Project("{FAE04EC0-301F-11D3-BF4B-00C04F79EFBC}") = "TestHomework10", "TestHomework10\TestHomework10.csproj", "{3493F9B4-F85E-4C8A-9F80-5946D96AA066}"
EndProject
Global
	GlobalSection(SolutionConfigurationPlatforms) = preSolution
		Debug|Any CPU = Debug|Any CPU
		Release|Any CPU = Release|Any CPU
	EndGlobalSection
	GlobalSection(ProjectConfigurationPlatforms) = postSolution
		{988FFF7C-EF12-4D32-AD09-D58A828F82D3}.Debug|Any CPU.ActiveCfg = Debug|Any CPU
		{988FFF7C-EF12-4D32-AD09-D58A828F82D3}.Debug|Any CPU.Build.0 = Debug|Any CPU
		{988FFF7C-EF12-4D32-AD09-D58A828F82D3}.Release|Any CPU.ActiveCfg = Release|Any CPU
		{988FFF7C-EF12-4D32-AD09-D58A828F82D3}.Release|Any CPU.Build.0 = Release|Any CPU
		{628F3C56-E717-4BF5-937C-F900FF06A9E1}.Debug|Any CPU.ActiveCfg = Debug|Any CPU
		{628F3C56-E717-4BF5-937C-F900FF06A9E1}.Debug|Any CPU.Build.0 = Debug|Any CPU
		{628F3C56-E717-4BF5-937C-F900FF06A9E1}.Release|Any CPU.ActiveCfg = Release|Any CPU
		{628F3C56-E717-4BF5-937C-F900FF06A9E1}.Release|Any CPU.Build.0 = Release|Any CPU
		{DCE26A5C-3E9D-472B-8B6A-CAF189540A86}.Debug|Any CPU.ActiveCfg = Debug|Any CPU
		{DCE26A5C-3E9D-472B-8B6A-CAF189540A86}.Debug|Any CPU.Build.0 = Debug|Any CPU
		{DCE26A5C-3E9D-472B-8B6A-CAF189540A86}.Release|Any CPU.ActiveCfg = Release|Any CPU
		{DCE26A5C-3E9D-472B-8B6A-CAF189540A86}.Release|Any CPU.Build.0 = Release|Any CPU
		{B8241DC7-B295-4C36-B96C-19588CE20C6F}.Debug|Any CPU.ActiveCfg = Debug|Any CPU
		{B8241DC7-B295-4C36-B96C-19588CE20C6F}.Debug|Any CPU.Build.0 = Debug|Any CPU
		{B8241DC7-B295-4C36-B96C-19588CE20C6F}.Release|Any CPU.ActiveCfg = Release|Any CPU
		{B8241DC7-B295-4C36-B96C-19588CE20C6F}.Release|Any CPU.Build.0 = Release|Any CPU
		{5F5E365D-F058-43C3-9307-0D14E7548E2C}.Debug|Any CPU.ActiveCfg = Debug|Any CPU
		{5F5E365D-F058-43C3-9307-0D14E7548E2C}.Debug|Any CPU.Build.0 = Debug|Any CPU
		{5F5E365D-F058-43C3-9307-0D14E7548E2C}.Release|Any CPU.ActiveCfg = Release|Any CPU
		{5F5E365D-F058-43C3-9307-0D14E7548E2C}.Release|Any CPU.Build.0 = Release|Any CPU
		{56CA024D-EDAC-40BB-875E-68B6ACC93CDB}.Debug|Any CPU.ActiveCfg = Debug|Any CPU
		{56CA024D-EDAC-40BB-875E-68B6ACC93CDB}.Debug|Any CPU.Build.0 = Debug|Any CPU
		{56CA024D-EDAC-40BB-875E-68B6ACC93CDB}.Release|Any CPU.ActiveCfg = Release|Any CPU
		{56CA024D-EDAC-40BB-875E-68B6ACC93CDB}.Release|Any CPU.Build.0 = Release|Any CPU
		{0704B63D-8C24-48E4-BFC0-F40D362ECA1C}.Debug|Any CPU.ActiveCfg = Debug|Any CPU
		{0704B63D-8C24-48E4-BFC0-F40D362ECA1C}.Debug|Any CPU.Build.0 = Debug|Any CPU
		{0704B63D-8C24-48E4-BFC0-F40D362ECA1C}.Release|Any CPU.ActiveCfg = Release|Any CPU
		{0704B63D-8C24-48E4-BFC0-F40D362ECA1C}.Release|Any CPU.Build.0 = Release|Any CPU
		{EBBA7EEE-30F5-4F17-B095-91CAF3DEC73D}.Debug|Any CPU.ActiveCfg = Debug|Any CPU
		{EBBA7EEE-30F5-4F17-B095-91CAF3DEC73D}.Debug|Any CPU.Build.0 = Debug|Any CPU
		{EBBA7EEE-30F5-4F17-B095-91CAF3DEC73D}.Release|Any CPU.ActiveCfg = Release|Any CPU
		{EBBA7EEE-30F5-4F17-B095-91CAF3DEC73D}.Release|Any CPU.Build.0 = Release|Any CPU
		{C605CCF9-DED8-452B-B062-24F3BDF5D6DF}.Debug|Any CPU.ActiveCfg = Debug|Any CPU
		{C605CCF9-DED8-452B-B062-24F3BDF5D6DF}.Debug|Any CPU.Build.0 = Debug|Any CPU
		{C605CCF9-DED8-452B-B062-24F3BDF5D6DF}.Release|Any CPU.ActiveCfg = Release|Any CPU
		{C605CCF9-DED8-452B-B062-24F3BDF5D6DF}.Release|Any CPU.Build.0 = Release|Any CPU
		{D95C652E-FF3B-44DA-97E0-52AB8D0FC8BB}.Debug|Any CPU.ActiveCfg = Debug|Any CPU
		{D95C652E-FF3B-44DA-97E0-52AB8D0FC8BB}.Debug|Any CPU.Build.0 = Debug|Any CPU
		{D95C652E-FF3B-44DA-97E0-52AB8D0FC8BB}.Release|Any CPU.ActiveCfg = Release|Any CPU
		{D95C652E-FF3B-44DA-97E0-52AB8D0FC8BB}.Release|Any CPU.Build.0 = Release|Any CPU
		{3493F9B4-F85E-4C8A-9F80-5946D96AA066}.Debug|Any CPU.ActiveCfg = Debug|Any CPU
		{3493F9B4-F85E-4C8A-9F80-5946D96AA066}.Debug|Any CPU.Build.0 = Debug|Any CPU
		{3493F9B4-F85E-4C8A-9F80-5946D96AA066}.Release|Any CPU.ActiveCfg = Release|Any CPU
		{3493F9B4-F85E-4C8A-9F80-5946D96AA066}.Release|Any CPU.Build.0 = Release|Any CPU
	EndGlobalSection
EndGlobal
